
Microsoft Visual Studio Solution File, Format Version 12.00
# Visual Studio 14
VisualStudioVersion = 14.0.23107.0
MinimumVisualStudioVersion = 10.0.40219.1
Project("{FAE04EC0-301F-11D3-BF4B-00C04F79EFBC}") = "Raven.AspNetWebApiClient", "Raven.AspNetWebApiClient\Raven.AspNetWebApiClient\Raven.AspNetWebApiClient.csproj", "{D0B9C98F-CA62-4AA4-B8B9-76CFCE18DC09}"
EndProject
Project("{FAE04EC0-301F-11D3-BF4B-00C04F79EFBC}") = "Raven.AspNetWebApiClient.Test", "Raven.AspNetWebApiClient\Raven.AspNetWebApiClient.Test\Raven.AspNetWebApiClient.Test.csproj", "{75C02384-DD6D-4C64-90D8-EA53B72C2E4B}"
EndProject
Project("{FAE04EC0-301F-11D3-BF4B-00C04F79EFBC}") = "Raven.WebAPI", "Raven.AspNetWebApiClient\Raven.WebAPI\Raven.WebAPI.csproj", "{40A9D509-3654-4C9C-AED3-3FBD001D4258}"
EndProject
Project("{FAE04EC0-301F-11D3-BF4B-00C04F79EFBC}") = "Raven.AspNetWebApiClient.IContractModel", "Raven.AspNetWebApiClient\Raven.AspNetWebApiClient.IContractModel\Raven.AspNetWebApiClient.IContractModel.csproj", "{5F1D0F5B-27BD-46CD-B892-6C3EE06076C5}"
EndProject
Project("{2150E333-8FDC-42A3-9474-1A3956D46DE8}") = "Test", "Test", "{C68A5C0A-508A-4271-BC22-36DB99D3F104}"
EndProject
Project("{FAE04EC0-301F-11D3-BF4B-00C04F79EFBC}") = "Raven.AspNetWebApiClient.PerformanceTest", "Raven.AspNetWebApiClient\Raven.AspNetWebApiClient.PerformanceTest\Raven.AspNetWebApiClient.PerformanceTest.csproj", "{128981C3-ADD6-4FA2-8AC1-B978EAB3769F}"
EndProject
Project("{FAE04EC0-301F-11D3-BF4B-00C04F79EFBC}") = "Raven.WebAPIConsoleApp", "Raven.AspNetWebApiClient\Raven.WebAPIConsoleApp\Raven.WebAPIConsoleApp.csproj", "{0BA7212C-584D-4196-A51A-A62BABC333E2}"
EndProject
Global
	GlobalSection(SolutionConfigurationPlatforms) = preSolution
		Debug|Any CPU = Debug|Any CPU
		Release|Any CPU = Release|Any CPU
	EndGlobalSection
	GlobalSection(ProjectConfigurationPlatforms) = postSolution
		{D0B9C98F-CA62-4AA4-B8B9-76CFCE18DC09}.Debug|Any CPU.ActiveCfg = Debug|Any CPU
		{D0B9C98F-CA62-4AA4-B8B9-76CFCE18DC09}.Debug|Any CPU.Build.0 = Debug|Any CPU
		{D0B9C98F-CA62-4AA4-B8B9-76CFCE18DC09}.Release|Any CPU.ActiveCfg = Release|Any CPU
		{D0B9C98F-CA62-4AA4-B8B9-76CFCE18DC09}.Release|Any CPU.Build.0 = Release|Any CPU
		{75C02384-DD6D-4C64-90D8-EA53B72C2E4B}.Debug|Any CPU.ActiveCfg = Debug|Any CPU
		{75C02384-DD6D-4C64-90D8-EA53B72C2E4B}.Debug|Any CPU.Build.0 = Debug|Any CPU
		{75C02384-DD6D-4C64-90D8-EA53B72C2E4B}.Release|Any CPU.ActiveCfg = Release|Any CPU
		{75C02384-DD6D-4C64-90D8-EA53B72C2E4B}.Release|Any CPU.Build.0 = Release|Any CPU
		{40A9D509-3654-4C9C-AED3-3FBD001D4258}.Debug|Any CPU.ActiveCfg = Debug|Any CPU
		{40A9D509-3654-4C9C-AED3-3FBD001D4258}.Debug|Any CPU.Build.0 = Debug|Any CPU
		{40A9D509-3654-4C9C-AED3-3FBD001D4258}.Release|Any CPU.ActiveCfg = Release|Any CPU
		{40A9D509-3654-4C9C-AED3-3FBD001D4258}.Release|Any CPU.Build.0 = Release|Any CPU
		{5F1D0F5B-27BD-46CD-B892-6C3EE06076C5}.Debug|Any CPU.ActiveCfg = Debug|Any CPU
		{5F1D0F5B-27BD-46CD-B892-6C3EE06076C5}.Debug|Any CPU.Build.0 = Debug|Any CPU
		{5F1D0F5B-27BD-46CD-B892-6C3EE06076C5}.Release|Any CPU.ActiveCfg = Release|Any CPU
		{5F1D0F5B-27BD-46CD-B892-6C3EE06076C5}.Release|Any CPU.Build.0 = Release|Any CPU
		{128981C3-ADD6-4FA2-8AC1-B978EAB3769F}.Debug|Any CPU.ActiveCfg = Debug|Any CPU
		{128981C3-ADD6-4FA2-8AC1-B978EAB3769F}.Debug|Any CPU.Build.0 = Debug|Any CPU
		{128981C3-ADD6-4FA2-8AC1-B978EAB3769F}.Release|Any CPU.ActiveCfg = Release|Any CPU
		{128981C3-ADD6-4FA2-8AC1-B978EAB3769F}.Release|Any CPU.Build.0 = Release|Any CPU
		{0BA7212C-584D-4196-A51A-A62BABC333E2}.Debug|Any CPU.ActiveCfg = Debug|Any CPU
		{0BA7212C-584D-4196-A51A-A62BABC333E2}.Debug|Any CPU.Build.0 = Debug|Any CPU
		{0BA7212C-584D-4196-A51A-A62BABC333E2}.Release|Any CPU.ActiveCfg = Release|Any CPU
		{0BA7212C-584D-4196-A51A-A62BABC333E2}.Release|Any CPU.Build.0 = Release|Any CPU
	EndGlobalSection
	GlobalSection(SolutionProperties) = preSolution
		HideSolutionNode = FALSE
	EndGlobalSection
	GlobalSection(NestedProjects) = preSolution
		{75C02384-DD6D-4C64-90D8-EA53B72C2E4B} = {C68A5C0A-508A-4271-BC22-36DB99D3F104}
		{40A9D509-3654-4C9C-AED3-3FBD001D4258} = {C68A5C0A-508A-4271-BC22-36DB99D3F104}
		{128981C3-ADD6-4FA2-8AC1-B978EAB3769F} = {C68A5C0A-508A-4271-BC22-36DB99D3F104}
		{0BA7212C-584D-4196-A51A-A62BABC333E2} = {C68A5C0A-508A-4271-BC22-36DB99D3F104}
	EndGlobalSection
EndGlobal
